
Microsoft Visual Studio Solution File, Format Version 12.00
# Visual Studio 2013
VisualStudioVersion = 12.0.31101.0
MinimumVisualStudioVersion = 10.0.40219.1
Project("{FAE04EC0-301F-11D3-BF4B-00C04F79EFBC}") = "FaceLogger", "FaceLogger\FaceLogger.csproj", "{7004E5D1-E064-47ED-8BB9-3F44F2EA6257}"
EndProject
Project("{FAE04EC0-301F-11D3-BF4B-00C04F79EFBC}") = "DShowNET", "DShowNET\DShowNET.csproj", "{CE009BFA-5EF6-4153-B2A1-2FA79698A9AE}"
EndProject
Project("{FAE04EC0-301F-11D3-BF4B-00C04F79EFBC}") = "USBCamera", "USBCamera\USBCamera.csproj", "{511E5ADE-63A1-4964-AB13-A06508CCE1A3}"
EndProject
Project("{8BC9CEB8-8B4A-11D0-8D11-00A0C91BC942}") = "OpenCV", "OpenCV\OpenCV.vcxproj", "{C4B25F2A-CD04-44C1-961E-6627D92AFA50}"
EndProject
Global
	GlobalSection(SolutionConfigurationPlatforms) = preSolution
		Debug|Any CPU = Debug|Any CPU
		Debug|Mixed Platforms = Debug|Mixed Platforms
		Debug|Win32 = Debug|Win32
		Debug|x64 = Debug|x64
		Debug|x86 = Debug|x86
		Release|Any CPU = Release|Any CPU
		Release|Mixed Platforms = Release|Mixed Platforms
		Release|Win32 = Release|Win32
		Release|x64 = Release|x64
		Release|x86 = Release|x86
	EndGlobalSection
	GlobalSection(ProjectConfigurationPlatforms) = postSolution
		{7004E5D1-E064-47ED-8BB9-3F44F2EA6257}.Debug|Any CPU.ActiveCfg = Debug|Any CPU
		{7004E5D1-E064-47ED-8BB9-3F44F2EA6257}.Debug|Any CPU.Build.0 = Debug|Any CPU
		{7004E5D1-E064-47ED-8BB9-3F44F2EA6257}.Debug|Mixed Platforms.ActiveCfg = Debug|Any CPU
		{7004E5D1-E064-47ED-8BB9-3F44F2EA6257}.Debug|Mixed Platforms.Build.0 = Debug|Any CPU
		{7004E5D1-E064-47ED-8BB9-3F44F2EA6257}.Debug|Win32.ActiveCfg = Debug|Any CPU
		{7004E5D1-E064-47ED-8BB9-3F44F2EA6257}.Debug|x64.ActiveCfg = Debug|Any CPU
		{7004E5D1-E064-47ED-8BB9-3F44F2EA6257}.Debug|x64.Build.0 = Debug|Any CPU
		{7004E5D1-E064-47ED-8BB9-3F44F2EA6257}.Debug|x86.ActiveCfg = Debug|Any CPU
		{7004E5D1-E064-47ED-8BB9-3F44F2EA6257}.Debug|x86.Build.0 = Debug|Any CPU
		{7004E5D1-E064-47ED-8BB9-3F44F2EA6257}.Release|Any CPU.ActiveCfg = Release|Any CPU
		{7004E5D1-E064-47ED-8BB9-3F44F2EA6257}.Release|Any CPU.Build.0 = Release|Any CPU
		{7004E5D1-E064-47ED-8BB9-3F44F2EA6257}.Release|Mixed Platforms.ActiveCfg = Release|Any CPU
		{7004E5D1-E064-47ED-8BB9-3F44F2EA6257}.Release|Mixed Platforms.Build.0 = Release|Any CPU
		{7004E5D1-E064-47ED-8BB9-3F44F2EA6257}.Release|Win32.ActiveCfg = Release|Any CPU
		{7004E5D1-E064-47ED-8BB9-3F44F2EA6257}.Release|x64.ActiveCfg = Release|Any CPU
		{7004E5D1-E064-47ED-8BB9-3F44F2EA6257}.Release|x64.Build.0 = Release|Any CPU
		{7004E5D1-E064-47ED-8BB9-3F44F2EA6257}.Release|x86.ActiveCfg = Release|Any CPU
		{7004E5D1-E064-47ED-8BB9-3F44F2EA6257}.Release|x86.Build.0 = Release|Any CPU
		{CE009BFA-5EF6-4153-B2A1-2FA79698A9AE}.Debug|Any CPU.ActiveCfg = Debug|Any CPU
		{CE009BFA-5EF6-4153-B2A1-2FA79698A9AE}.Debug|Any CPU.Build.0 = Debug|Any CPU
		{CE009BFA-5EF6-4153-B2A1-2FA79698A9AE}.Debug|Mixed Platforms.ActiveCfg = Debug|Any CPU
		{CE009BFA-5EF6-4153-B2A1-2FA79698A9AE}.Debug|Mixed Platforms.Build.0 = Debug|Any CPU
		{CE009BFA-5EF6-4153-B2A1-2FA79698A9AE}.Debug|Win32.ActiveCfg = Debug|Any CPU
		{CE009BFA-5EF6-4153-B2A1-2FA79698A9AE}.Debug|x64.ActiveCfg = Debug|Any CPU
		{CE009BFA-5EF6-4153-B2A1-2FA79698A9AE}.Debug|x64.Build.0 = Debug|Any CPU
		{CE009BFA-5EF6-4153-B2A1-2FA79698A9AE}.Debug|x86.ActiveCfg = Debug|Any CPU
		{CE009BFA-5EF6-4153-B2A1-2FA79698A9AE}.Debug|x86.Build.0 = Debug|Any CPU
		{CE009BFA-5EF6-4153-B2A1-2FA79698A9AE}.Release|Any CPU.ActiveCfg = Release|Any CPU
		{CE009BFA-5EF6-4153-B2A1-2FA79698A9AE}.Release|Any CPU.Build.0 = Release|Any CPU
		{CE009BFA-5EF6-4153-B2A1-2FA79698A9AE}.Release|Mixed Platforms.ActiveCfg = Release|Any CPU
		{CE009BFA-5EF6-4153-B2A1-2FA79698A9AE}.Release|Mixed Platforms.Build.0 = Release|Any CPU
		{CE009BFA-5EF6-4153-B2A1-2FA79698A9AE}.Release|Win32.ActiveCfg = Release|Any CPU
		{CE009BFA-5EF6-4153-B2A1-2FA79698A9AE}.Release|x64.ActiveCfg = Release|Any CPU
		{CE009BFA-5EF6-4153-B2A1-2FA79698A9AE}.Release|x64.Build.0 = Release|Any CPU
		{CE009BFA-5EF6-4153-B2A1-2FA79698A9AE}.Release|x86.ActiveCfg = Release|Any CPU
		{CE009BFA-5EF6-4153-B2A1-2FA79698A9AE}.Release|x86.Build.0 = Release|Any CPU
		{511E5ADE-63A1-4964-AB13-A06508CCE1A3}.Debug|Any CPU.ActiveCfg = Debug|Any CPU
		{511E5ADE-63A1-4964-AB13-A06508CCE1A3}.Debug|Any CPU.Build.0 = Debug|Any CPU
		{511E5ADE-63A1-4964-AB13-A06508CCE1A3}.Debug|Mixed Platforms.ActiveCfg = Debug|Any CPU
		{511E5ADE-63A1-4964-AB13-A06508CCE1A3}.Debug|Mixed Platforms.Build.0 = Debug|Any CPU
		{511E5ADE-63A1-4964-AB13-A06508CCE1A3}.Debug|Win32.ActiveCfg = Debug|Any CPU
		{511E5ADE-63A1-4964-AB13-A06508CCE1A3}.Debug|x64.ActiveCfg = Debug|Any CPU
		{511E5ADE-63A1-4964-AB13-A06508CCE1A3}.Debug|x64.Build.0 = Debug|Any CPU
		{511E5ADE-63A1-4964-AB13-A06508CCE1A3}.Debug|x86.ActiveCfg = Debug|Any CPU
		{511E5ADE-63A1-4964-AB13-A06508CCE1A3}.Debug|x86.Build.0 = Debug|Any CPU
		{511E5ADE-63A1-4964-AB13-A06508CCE1A3}.Release|Any CPU.ActiveCfg = Release|Any CPU
		{511E5ADE-63A1-4964-AB13-A06508CCE1A3}.Release|Any CPU.Build.0 = Release|Any CPU
		{511E5ADE-63A1-4964-AB13-A06508CCE1A3}.Release|Mixed Platforms.ActiveCfg = Release|Any CPU
		{511E5ADE-63A1-4964-AB13-A06508CCE1A3}.Release|Mixed Platforms.Build.0 = Release|Any CPU
		{511E5ADE-63A1-4964-AB13-A06508CCE1A3}.Release|Win32.ActiveCfg = Release|Any CPU
		{511E5ADE-63A1-4964-AB13-A06508CCE1A3}.Release|x64.ActiveCfg = Release|Any CPU
		{511E5ADE-63A1-4964-AB13-A06508CCE1A3}.Release|x64.Build.0 = Release|Any CPU
		{511E5ADE-63A1-4964-AB13-A06508CCE1A3}.Release|x86.ActiveCfg = Release|Any CPU
		{511E5ADE-63A1-4964-AB13-A06508CCE1A3}.Release|x86.Build.0 = Release|Any CPU
		{C4B25F2A-CD04-44C1-961E-6627D92AFA50}.Debug|Any CPU.ActiveCfg = Debug|Win32
		{C4B25F2A-CD04-44C1-961E-6627D92AFA50}.Debug|Mixed Platforms.ActiveCfg = Debug|Win32
		{C4B25F2A-CD04-44C1-961E-6627D92AFA50}.Debug|Mixed Platforms.Build.0 = Debug|Win32
		{C4B25F2A-CD04-44C1-961E-6627D92AFA50}.Debug|Win32.ActiveCfg = Debug|Win32
		{C4B25F2A-CD04-44C1-961E-6627D92AFA50}.Debug|Win32.Build.0 = Debug|Win32
		{C4B25F2A-CD04-44C1-961E-6627D92AFA50}.Debug|x64.ActiveCfg = Debug|Win32
		{C4B25F2A-CD04-44C1-961E-6627D92AFA50}.Debug|x86.ActiveCfg = Debug|Win32
		{C4B25F2A-CD04-44C1-961E-6627D92AFA50}.Debug|x86.Build.0 = Debug|Win32
		{C4B25F2A-CD04-44C1-961E-6627D92AFA50}.Release|Any CPU.ActiveCfg = Release|Win32
		{C4B25F2A-CD04-44C1-961E-6627D92AFA50}.Release|Mixed Platforms.ActiveCfg = Release|Win32
		{C4B25F2A-CD04-44C1-961E-6627D92AFA50}.Release|Mixed Platforms.Build.0 = Release|Win32
		{C4B25F2A-CD04-44C1-961E-6627D92AFA50}.Release|Win32.ActiveCfg = Release|Win32
		{C4B25F2A-CD04-44C1-961E-6627D92AFA50}.Release|Win32.Build.0 = Release|Win32
		{C4B25F2A-CD04-44C1-961E-6627D92AFA50}.Release|x64.ActiveCfg = Release|Win32
		{C4B25F2A-CD04-44C1-961E-6627D92AFA50}.Release|x86.ActiveCfg = Release|Win32
		{C4B25F2A-CD04-44C1-961E-6627D92AFA50}.Release|x86.Build.0 = Release|Win32
	EndGlobalSection
	GlobalSection(SolutionProperties) = preSolution
		HideSolutionNode = FALSE
	EndGlobalSection
EndGlobal
